
Microsoft Visual Studio Solution File, Format Version 12.00
# Visual Studio Version 16
VisualStudioVersion = 16.0.30621.155
MinimumVisualStudioVersion = 10.0.40219.1
Project("{9A19103F-16F7-4668-BE54-9A1E7A4F7556}") = "OnlineRecruitingPlatform.DevExtremeAspNetCore", "OnlineRecruitingPlatform.DevExtremeAspNetCore\OnlineRecruitingPlatform.DevExtremeAspNetCore.csproj", "{8EB798B7-948A-436D-B2AD-BE7054B56847}"
EndProject
Project("{2150E333-8FDC-42A3-9474-1A3956D46DE8}") = "DevExtreme NuGet.config", "DevExtreme NuGet.config", "{7CBED6F4-0A95-4E1B-8E4B-E6A1ED0D12D1}"
	ProjectSection(SolutionItems) = preProject
		NuGet.config = NuGet.config
	EndProjectSection
EndProject
Project("{9A19103F-16F7-4668-BE54-9A1E7A4F7556}") = "OnlineRecruitingPlatform.Model", "OnlineRecruitingPlatform.Model\OnlineRecruitingPlatform.Model.csproj", "{735E6DD4-E305-4355-BF56-F4B27D3714CE}"
EndProject
Project("{FAE04EC0-301F-11D3-BF4B-00C04F79EFBC}") = "OnlineRecruitingPlatform.DevExtremeAspNetCore.ControllerTests", "OnlineRecruitingPlatform.DevExtremeAspNetCore.ControllerTests\OnlineRecruitingPlatform.DevExtremeAspNetCore.ControllerTests.csproj", "{32C1A658-E29F-41C2-9DB0-A560834351AC}"
EndProject
Project("{FAE04EC0-301F-11D3-BF4B-00C04F79EFBC}") = "OnlineRecruitingPlatform.HttpClients", "OnlineRecruitingPlatform.HttpClients\OnlineRecruitingPlatform.HttpClients.csproj", "{592A0C6F-7BF6-4A8B-9446-D7AD98D10530}"
EndProject
Project("{FAE04EC0-301F-11D3-BF4B-00C04F79EFBC}") = "OnlineRecruitingPlatform.HttpClients.Tests", "OnlineRecruitingPlatform.HttpClients.Tests\OnlineRecruitingPlatform.HttpClients.Tests.csproj", "{CD4186E8-D6CD-48A4-B5F0-F06F4AC5D095}"
EndProject
Project("{FAE04EC0-301F-11D3-BF4B-00C04F79EFBC}") = "OnlineRecruitingPlatform.Model.Tests", "OnlineRecruitingPlatform.Model.Tests\OnlineRecruitingPlatform.Model.Tests.csproj", "{574B16B3-CEC8-4A55-9402-E33DFB9DC920}"
EndProject
Project("{FAE04EC0-301F-11D3-BF4B-00C04F79EFBC}") = "OnlineRecruitingPlatform.Api", "OnlineRecruitingPlatform.Api\OnlineRecruitingPlatform.Api.csproj", "{941BFAA1-3553-47EE-84A4-6A65726DEAFC}"
EndProject
Project("{FAE04EC0-301F-11D3-BF4B-00C04F79EFBC}") = "OnlineRecruitingPlatform.Api.ControllerTests", "OnlineRecruitingPlatform.Api.ControllerTests\OnlineRecruitingPlatform.Api.ControllerTests.csproj", "{22064065-731A-42A7-A123-C8A06ADD2ACD}"
EndProject
Project("{FAE04EC0-301F-11D3-BF4B-00C04F79EFBC}") = "OnlineRecruitingPlatform.Api.HttpClients", "OnlineRecruitingPlatform.Api.HttpClients\OnlineRecruitingPlatform.Api.HttpClients.csproj", "{7F2931DE-12D7-4BA7-9ADD-A0AE2A7605A9}"
EndProject
Project("{FAE04EC0-301F-11D3-BF4B-00C04F79EFBC}") = "OnlineRecruitingPlatform.Api.HttpClients.Tests", "OnlineRecruitingPlatform.Api.HttpClients.Tests\OnlineRecruitingPlatform.Api.HttpClients.Tests.csproj", "{2BC132FD-360E-4477-AA29-70136650C682}"
EndProject
Global
	GlobalSection(SolutionConfigurationPlatforms) = preSolution
		Debug|Any CPU = Debug|Any CPU
		Release|Any CPU = Release|Any CPU
	EndGlobalSection
	GlobalSection(ProjectConfigurationPlatforms) = postSolution
		{8EB798B7-948A-436D-B2AD-BE7054B56847}.Debug|Any CPU.ActiveCfg = Debug|Any CPU
		{8EB798B7-948A-436D-B2AD-BE7054B56847}.Debug|Any CPU.Build.0 = Debug|Any CPU
		{8EB798B7-948A-436D-B2AD-BE7054B56847}.Release|Any CPU.ActiveCfg = Release|Any CPU
		{8EB798B7-948A-436D-B2AD-BE7054B56847}.Release|Any CPU.Build.0 = Release|Any CPU
		{735E6DD4-E305-4355-BF56-F4B27D3714CE}.Debug|Any CPU.ActiveCfg = Debug|Any CPU
		{735E6DD4-E305-4355-BF56-F4B27D3714CE}.Debug|Any CPU.Build.0 = Debug|Any CPU
		{735E6DD4-E305-4355-BF56-F4B27D3714CE}.Release|Any CPU.ActiveCfg = Release|Any CPU
		{735E6DD4-E305-4355-BF56-F4B27D3714CE}.Release|Any CPU.Build.0 = Release|Any CPU
		{32C1A658-E29F-41C2-9DB0-A560834351AC}.Debug|Any CPU.ActiveCfg = Debug|Any CPU
		{32C1A658-E29F-41C2-9DB0-A560834351AC}.Debug|Any CPU.Build.0 = Debug|Any CPU
		{32C1A658-E29F-41C2-9DB0-A560834351AC}.Release|Any CPU.ActiveCfg = Release|Any CPU
		{32C1A658-E29F-41C2-9DB0-A560834351AC}.Release|Any CPU.Build.0 = Release|Any CPU
		{592A0C6F-7BF6-4A8B-9446-D7AD98D10530}.Debug|Any CPU.ActiveCfg = Debug|Any CPU
		{592A0C6F-7BF6-4A8B-9446-D7AD98D10530}.Debug|Any CPU.Build.0 = Debug|Any CPU
		{592A0C6F-7BF6-4A8B-9446-D7AD98D10530}.Release|Any CPU.ActiveCfg = Release|Any CPU
		{592A0C6F-7BF6-4A8B-9446-D7AD98D10530}.Release|Any CPU.Build.0 = Release|Any CPU
		{CD4186E8-D6CD-48A4-B5F0-F06F4AC5D095}.Debug|Any CPU.ActiveCfg = Debug|Any CPU
		{CD4186E8-D6CD-48A4-B5F0-F06F4AC5D095}.Debug|Any CPU.Build.0 = Debug|Any CPU
		{CD4186E8-D6CD-48A4-B5F0-F06F4AC5D095}.Release|Any CPU.ActiveCfg = Release|Any CPU
		{CD4186E8-D6CD-48A4-B5F0-F06F4AC5D095}.Release|Any CPU.Build.0 = Release|Any CPU
		{574B16B3-CEC8-4A55-9402-E33DFB9DC920}.Debug|Any CPU.ActiveCfg = Debug|Any CPU
		{574B16B3-CEC8-4A55-9402-E33DFB9DC920}.Debug|Any CPU.Build.0 = Debug|Any CPU
		{574B16B3-CEC8-4A55-9402-E33DFB9DC920}.Release|Any CPU.ActiveCfg = Release|Any CPU
		{574B16B3-CEC8-4A55-9402-E33DFB9DC920}.Release|Any CPU.Build.0 = Release|Any CPU
		{941BFAA1-3553-47EE-84A4-6A65726DEAFC}.Debug|Any CPU.ActiveCfg = Debug|Any CPU
		{941BFAA1-3553-47EE-84A4-6A65726DEAFC}.Debug|Any CPU.Build.0 = Debug|Any CPU
		{941BFAA1-3553-47EE-84A4-6A65726DEAFC}.Release|Any CPU.ActiveCfg = Release|Any CPU
		{941BFAA1-3553-47EE-84A4-6A65726DEAFC}.Release|Any CPU.Build.0 = Release|Any CPU
		{22064065-731A-42A7-A123-C8A06ADD2ACD}.Debug|Any CPU.ActiveCfg = Debug|Any CPU
		{22064065-731A-42A7-A123-C8A06ADD2ACD}.Debug|Any CPU.Build.0 = Debug|Any CPU
		{22064065-731A-42A7-A123-C8A06ADD2ACD}.Release|Any CPU.ActiveCfg = Release|Any CPU
		{22064065-731A-42A7-A123-C8A06ADD2ACD}.Release|Any CPU.Build.0 = Release|Any CPU
		{7F2931DE-12D7-4BA7-9ADD-A0AE2A7605A9}.Debug|Any CPU.ActiveCfg = Debug|Any CPU
		{7F2931DE-12D7-4BA7-9ADD-A0AE2A7605A9}.Debug|Any CPU.Build.0 = Debug|Any CPU
		{7F2931DE-12D7-4BA7-9ADD-A0AE2A7605A9}.Release|Any CPU.ActiveCfg = Release|Any CPU
		{7F2931DE-12D7-4BA7-9ADD-A0AE2A7605A9}.Release|Any CPU.Build.0 = Release|Any CPU
		{2BC132FD-360E-4477-AA29-70136650C682}.Debug|Any CPU.ActiveCfg = Debug|Any CPU
		{2BC132FD-360E-4477-AA29-70136650C682}.Debug|Any CPU.Build.0 = Debug|Any CPU
		{2BC132FD-360E-4477-AA29-70136650C682}.Release|Any CPU.ActiveCfg = Release|Any CPU
		{2BC132FD-360E-4477-AA29-70136650C682}.Release|Any CPU.Build.0 = Release|Any CPU
	EndGlobalSection
	GlobalSection(SolutionProperties) = preSolution
		HideSolutionNode = FALSE
	EndGlobalSection
	GlobalSection(ExtensibilityGlobals) = postSolution
		SolutionGuid = {DB255B40-427D-4DA8-8ECC-5BAEB3A2396E}
	EndGlobalSection
EndGlobal
